PODS:
  - BirdBush (0.7.0):
    - SwiftPriorityQueue
  - SwiftPriorityQueue (1.3.0)

DEPENDENCIES:
  - BirdBush (from `../`)

SPEC REPOS:
  https://github.com/CocoaPods/Specs.git:
    - SwiftPriorityQueue

EXTERNAL SOURCES:
  BirdBush:
    :path: "../"

SPEC CHECKSUMS:
  BirdBush: 5d3ec32b059943a32e7d8f09d22eea8435f2e007
  SwiftPriorityQueue: 14976df03b659603394c90b501d6768f0e3d7978

PODFILE CHECKSUM: b050150582f9997b4df0e601a0a2e97e17b6d73d

COCOAPODS: 1.8.4
